
Microsoft Visual Studio Solution File, Format Version 12.00
# Visual Studio 15
VisualStudioVersion = 15.0.28307.960
MinimumVisualStudioVersion = 10.0.40219.1
Project("{8BC9CEB8-8B4A-11D0-8D11-00A0C91BC942}") = "chat_server", "chat_server\chat_server.vcxproj", "{48A1F83E-DCFF-4706-BAC2-10B973E61966}"
EndProject
Project("{8BC9CEB8-8B4A-11D0-8D11-00A0C91BC942}") = "chat_server_tests", "chat_server_tests\chat_server_tests.vcxproj", "{F477C194-089E-4210-8962-CE37CE23F45A}"
EndProject
Project("{8BC9CEB8-8B4A-11D0-8D11-00A0C91BC942}") = "google_test_framework", "google_test_framework\google_test_framework.vcxproj", "{E951FFFC-7F1A-4D93-9772-9B9467AC108A}"
EndProject
Project("{8BC9CEB8-8B4A-11D0-8D11-00A0C91BC942}") = "chat_client", "chat_client\chat_client.vcxproj", "{7ABA2477-512F-424B-A8C0-C6B3DAD372DE}"
EndProject
Project("{8BC9CEB8-8B4A-11D0-8D11-00A0C91BC942}") = "chat_client_tests", "chat_client_tests\chat_client_tests.vcxproj", "{1BC67099-B759-4FDF-854D-46B260E1D4C8}"
EndProject
Project("{2150E333-8FDC-42A3-9474-1A3956D46DE8}") = "Solution Items", "Solution Items", "{2CFD94D5-3A71-4B42-92E6-FB5E579EFE14}"
	ProjectSection(SolutionItems) = preProject
		.editorconfig = .editorconfig
	EndProjectSection
EndProject
Project("{8BC9CEB8-8B4A-11D0-8D11-00A0C91BC942}") = "gmock_test_framework", "gmock_test_framework\gmock_test_framework.vcxproj", "{C81D0E99-B0D9-48C3-B227-D927C8F86D33}"
EndProject
Global
	GlobalSection(SolutionConfigurationPlatforms) = preSolution
		Debug|x86 = Debug|x86
		Release|x86 = Release|x86
	EndGlobalSection
	GlobalSection(ProjectConfigurationPlatforms) = postSolution
		{48A1F83E-DCFF-4706-BAC2-10B973E61966}.Debug|x86.ActiveCfg = Debug|Win32
		{48A1F83E-DCFF-4706-BAC2-10B973E61966}.Debug|x86.Build.0 = Debug|Win32
		{48A1F83E-DCFF-4706-BAC2-10B973E61966}.Release|x86.ActiveCfg = Release|Win32
		{48A1F83E-DCFF-4706-BAC2-10B973E61966}.Release|x86.Build.0 = Release|Win32
		{F477C194-089E-4210-8962-CE37CE23F45A}.Debug|x86.ActiveCfg = Debug|Win32
		{F477C194-089E-4210-8962-CE37CE23F45A}.Debug|x86.Build.0 = Debug|Win32
		{F477C194-089E-4210-8962-CE37CE23F45A}.Release|x86.ActiveCfg = Release|Win32
		{F477C194-089E-4210-8962-CE37CE23F45A}.Release|x86.Build.0 = Release|Win32
		{E951FFFC-7F1A-4D93-9772-9B9467AC108A}.Debug|x86.ActiveCfg = Debug|Win32
		{E951FFFC-7F1A-4D93-9772-9B9467AC108A}.Debug|x86.Build.0 = Debug|Win32
		{E951FFFC-7F1A-4D93-9772-9B9467AC108A}.Release|x86.ActiveCfg = Release|Win32
		{E951FFFC-7F1A-4D93-9772-9B9467AC108A}.Release|x86.Build.0 = Release|Win32
		{7ABA2477-512F-424B-A8C0-C6B3DAD372DE}.Debug|x86.ActiveCfg = Debug|Win32
		{7ABA2477-512F-424B-A8C0-C6B3DAD372DE}.Debug|x86.Build.0 = Debug|Win32
		{7ABA2477-512F-424B-A8C0-C6B3DAD372DE}.Release|x86.ActiveCfg = Release|Win32
		{7ABA2477-512F-424B-A8C0-C6B3DAD372DE}.Release|x86.Build.0 = Release|Win32
		{1BC67099-B759-4FDF-854D-46B260E1D4C8}.Debug|x86.ActiveCfg = Debug|Win32
		{1BC67099-B759-4FDF-854D-46B260E1D4C8}.Debug|x86.Build.0 = Debug|Win32
		{1BC67099-B759-4FDF-854D-46B260E1D4C8}.Release|x86.ActiveCfg = Release|Win32
		{1BC67099-B759-4FDF-854D-46B260E1D4C8}.Release|x86.Build.0 = Release|Win32
		{C81D0E99-B0D9-48C3-B227-D927C8F86D33}.Debug|x86.ActiveCfg = Debug|Win32
		{C81D0E99-B0D9-48C3-B227-D927C8F86D33}.Debug|x86.Build.0 = Debug|Win32
		{C81D0E99-B0D9-48C3-B227-D927C8F86D33}.Release|x86.ActiveCfg = Release|Win32
		{C81D0E99-B0D9-48C3-B227-D927C8F86D33}.Release|x86.Build.0 = Release|Win32
	EndGlobalSection
	GlobalSection(SolutionProperties) = preSolution
		HideSolutionNode = FALSE
	EndGlobalSection
	GlobalSection(ExtensibilityGlobals) = postSolution
		SolutionGuid = {DB216B85-7076-4D87-A741-FD0CD403D4D8}
	EndGlobalSection
EndGlobal
